
Microsoft Visual Studio Solution File, Format Version 12.00
# Visual Studio 14
VisualStudioVersion = 14.0.25420.1
MinimumVisualStudioVersion = 10.0.40219.1
Project("{FAE04EC0-301F-11D3-BF4B-00C04F79EFBC}") = "PacManUltimate", "PacManUltimate\PacManUltimate.csproj", "{D2AC33EC-1BD5-4F43-937D-F86E9FD02BA5}"
EndProject
Global
	GlobalSection(SolutionConfigurationPlatforms) = preSolution
		Debug|Any CPU = Debug|Any CPU
		Release|Any CPU = Release|Any CPU
	EndGlobalSection
	GlobalSection(ProjectConfigurationPlatforms) = postSolution
		{D2AC33EC-1BD5-4F43-937D-F86E9FD02BA5}.Debug|Any CPU.ActiveCfg = Debug|Any CPU
		{D2AC33EC-1BD5-4F43-937D-F86E9FD02BA5}.Debug|Any CPU.Build.0 = Debug|Any CPU
		{D2AC33EC-1BD5-4F43-937D-F86E9FD02BA5}.Release|Any CPU.ActiveCfg = Release|Any CPU
		{D2AC33EC-1BD5-4F43-937D-F86E9FD02BA5}.Release|Any CPU.Build.0 = Release|Any CPU
	EndGlobalSection
	GlobalSection(SolutionProperties) = preSolution
		HideSolutionNode = FALSE
	EndGlobalSection
EndGlobal
